
Microsoft Visual Studio Solution File, Format Version 12.00
Project("{FAE04EC0-301F-11D3-BF4B-00C04F79EFBC}") = "IT230-Arrays1", "IT230-Arrays1\IT230-Arrays1.csproj", "{E5548026-79C4-4953-B93C-23E1A83F154B}"
EndProject
Global
	GlobalSection(SolutionConfigurationPlatforms) = preSolution
		Debug|Any CPU = Debug|Any CPU
		Release|Any CPU = Release|Any CPU
	EndGlobalSection
	GlobalSection(ProjectConfigurationPlatforms) = postSolution
		{E5548026-79C4-4953-B93C-23E1A83F154B}.Debug|Any CPU.ActiveCfg = Debug|Any CPU
		{E5548026-79C4-4953-B93C-23E1A83F154B}.Debug|Any CPU.Build.0 = Debug|Any CPU
		{E5548026-79C4-4953-B93C-23E1A83F154B}.Release|Any CPU.ActiveCfg = Release|Any CPU
		{E5548026-79C4-4953-B93C-23E1A83F154B}.Release|Any CPU.Build.0 = Release|Any CPU
	EndGlobalSection
EndGlobal
